// !$*UTF8*$!
{
	archiveVersion = 1;
	classes = {
	};
	objectVersion = 50;
	objects = {

/* Begin PBXBuildFile section */
		DBB3306B2445A5E8009CBF90 /* AppDelegate.swift in Sources */ = {isa = PBXBuildFile; fileRef = DBB3306A2445A5E8009CBF90 /* AppDelegate.swift */; };
		DBB3306D2445A5E8009CBF90 /* SceneDelegate.swift in Sources */ = {isa = PBXBuildFile; fileRef = DBB3306C2445A5E8009CBF90 /* SceneDelegate.swift */; };
		DBB3306F2445A5E8009CBF90 /* ViewController.swift in Sources */ = {isa = PBXBuildFile; fileRef = DBB3306E2445A5E8009CBF90 /* ViewController.swift */; };
		DBB330722445A5E8009CBF90 /* Main.storyboard in Resources */ = {isa = PBXBuildFile; fileRef = DBB330702445A5E8009CBF90 /* Main.storyboard */; };
		DBB330742445A5EB009CBF90 /* Assets.xcassets in Resources */ = {isa = PBXBuildFile; fileRef = DBB330732445A5EB009CBF90 /* Assets.xcassets */; };
		DBB330772445A5EB009CBF90 /* LaunchScreen.storyboard in Resources */ = {isa = PBXBuildFile; fileRef = DBB330752445A5EB009CBF90 /* LaunchScreen.storyboard */; };
		DBB3307F2445F369009CBF90 /* initialWords.txt in Resources */ = {isa = PBXBuildFile; fileRef = DBB3307E2445F369009CBF90 /* initialWords.txt */; };
/* End PBXBuildFile section */

/* Begin PBXFileReference section */
		DBB330672445A5E8009CBF90 /* Day99Challenge.app */ = {isa = PBXFileReference; explicitFileType = wrapper.application; includeInIndex = 0; path = Day99Challenge.app; sourceTree = BUILT_PRODUCTS_DIR; };
		DBB3306A2445A5E8009CBF90 /* AppDelegate.swift */ = {isa = PBXFileReference; lastKnownFileType = sourcecode.swift; path = AppDelegate.swift; sourceTree = "<group>"; };
		DBB3306C2445A5E8009CBF90 /* SceneDelegate.swift */ = {isa = PBXFileReference; lastKnownFileType = sourcecode.swift; path = SceneDelegate.swift; sourceTree = "<group>"; };
		DBB3306E2445A5E8009CBF90 /* ViewController.swift */ = {isa = PBXFileReference; lastKnownFileType = sourcecode.swift; path = ViewController.swift; sourceTree = "<group>"; };
		DBB330712445A5E8009CBF90 /* Base */ = {isa = PBXFileReference; lastKnownFileType = file.storyboard; name = Base; path = Base.lproj/Main.storyboard; sourceTree = "<group>"; };
		DBB330732445A5EB009CBF90 /* Assets.xcassets */ = {isa = PBXFileReference; lastKnownFileType = folder.assetcatalog; path = Assets.xcassets; sourceTree = "<group>"; };
		DBB330762445A5EB009CBF90 /* Base */ = {isa = PBXFileReference; lastKnownFileType = file.storyboard; name = Base; path = Base.lproj/LaunchScreen.storyboard; sourceTree = "<group>"; };
		DBB330782445A5EB009CBF90 /* Info.plist */ = {isa = PBXFileReference; lastKnownFileType = text.plist.xml; path = Info.plist; sourceTree = "<group>"; };
		DBB3307E2445F369009CBF90 /* initialWords.txt */ = {isa = PBXFileReference; lastKnownFileType = text; path = initialWords.txt; sourceTree = "<group>"; };
/* End PBXFileReference section */

/* Begin PBXFrameworksBuildPhase section */
		DBB330642445A5E8009CBF90 /* Frameworks */ = {
			isa = PBXFrameworksBuildPhase;
			buildActionMask = 2147483647;
			files = (
			);
			runOnlyForDeploymentPostprocessing = 0;
		};
/* End PBXFrameworksBuildPhase section */

/* Begin PBXGroup section */
		DBB3305E2445A5E8009CBF90 = {
			isa = PBXGroup;
			children = (
				DBB330692445A5E8009CBF90 /* Day99Challenge */,
				DBB330682445A5E8009CBF90 /* Products */,
			);
			sourceTree = "<group>";
		};
		DBB330682445A5E8009CBF90 /* Products */ = {
			isa = PBXGroup;
			children = (
				DBB330672445A5E8009CBF90 /* Day99Challenge.app */,
			);
			name = Products;
			sourceTree = "<group>";
		};
		DBB330692445A5E8009CBF90 /* Day99Challenge */ = {
			isa = PBXGroup;
			children = (
				DBB3306A2445A5E8009CBF90 /* AppDelegate.swift */,
				DBB3306C2445A5E8009CBF90 /* SceneDelegate.swift */,
				DBB3306E2445A5E8009CBF90 /* ViewController.swift */,
				DBB3307E2445F369009CBF90 /* initialWords.txt */,
				DBB330702445A5E8009CBF90 /* Main.storyboard */,
				DBB330732445A5EB009CBF90 /* Assets.xcassets */,
				DBB330752445A5EB009CBF90 /* LaunchScreen.storyboard */,
				DBB330782445A5EB009CBF90 /* Info.plist */,
			);
			path = Day99Challenge;
			sourceTree = "<group>";
		};
/* End PBXGroup section */

/* Begin PBXNativeTarget section */
		DBB330662445A5E8009CBF90 /* Day99Challenge */ = {
			isa = PBXNativeTarget;
			buildConfigurationList = DBB3307B2445A5EB009CBF90 /* Build configuration list for PBXNativeTarget "Day99Challenge" */;
			buildPhases = (
				DBB330632445A5E8009CBF90 /* Sources */,
				DBB330642445A5E8009CBF90 /* Frameworks */,
				DBB330652445A5E8009CBF90 /* Resources */,
			);
			buildRules = (
			);
			dependencies = (
			);
			name = Day99Challenge;
			productName = Day99Challenge;
			productReference = DBB330672445A5E8009CBF90 /* Day99Challenge.app */;
			productType = "com.apple.product-type.application";
		};
/* End PBXNativeTarget section */

/* Begin PBXProject section */
		DBB3305F2445A5E8009CBF90 /* Project object */ = {
			isa = PBXProject;
			attributes = {
				LastSwiftUpdateCheck = 1140;
				LastUpgradeCheck = 1140;
				ORGANIZATIONNAME = "Victor Rolando Sanchez Jara";
				TargetAttributes = {
					DBB330662445A5E8009CBF90 = {
						CreatedOnToolsVersion = 11.4;
					};
				};
			};
			buildConfigurationList = DBB330622445A5E8009CBF90 /* Build configuration list for PBXProject "Day99Challenge" */;
			compatibilityVersion = "Xcode 9.3";
			developmentRegion = en;
			hasScannedForEncodings = 0;
			knownRegions = (
				en,
				Base,
			);
			mainGroup = DBB3305E2445A5E8009CBF90;
			productRefGroup = DBB330682445A5E8009CBF90 /* Products */;
			projectDirPath = "";
			projectRoot = "";
			targets = (
				DBB330662445A5E8009CBF90 /* Day99Challenge */,
			);
		};
/* End PBXProject section */

/* Begin PBXResourcesBuildPhase section */
		DBB330652445A5E8009CBF90 /* Resources */ = {
			isa = PBXResourcesBuildPhase;
			buildActionMask = 2147483647;
			files = (
				DBB330772445A5EB009CBF90 /* LaunchScreen.storyboard in Resources */,
				DBB3307F2445F369009CBF90 /* initialWords.txt in Resources */,
				DBB330742445A5EB009CBF90 /* Assets.xcassets in Resources */,
				DBB330722445A5E8009CBF90 /* Main.storyboard in Resources */,
			);
			runOnlyForDeploymentPostprocessing = 0;
		};
/* End PBXResourcesBuildPhase section */

/* Begin PBXSourcesBuildPhase section */
		DBB330632445A5E8009CBF90 /* Sources */ = {
			isa = PBXSourcesBuildPhase;
			buildActionMask = 2147483647;
			files = (
				DBB3306F2445A5E8009CBF90 /* ViewController.swift in Sources */,
				DBB3306B2445A5E8009CBF90 /* AppDelegate.swift in Sources */,
				DBB3306D2445A5E8009CBF90 /* SceneDelegate.swift in Sources */,
			);
			runOnlyForDeploymentPostprocessing = 0;
		};
/* End PBXSourcesBuildPhase section */

/* Begin PBXVariantGroup section */
		DBB330702445A5E8009CBF90 /* Main.storyboard */ = {
			isa = PBXVariantGroup;
			children = (
				DBB330712445A5E8009CBF90 /* Base */,
			);
			name = Main.storyboard;
			sourceTree = "<group>";
		};
		DBB330752445A5EB009CBF90 /* LaunchScreen.storyboard */ = {
			isa = PBXVariantGroup;
			children = (
				DBB330762445A5EB009CBF90 /* Base */,
			);
			name = LaunchScreen.storyboard;
			sourceTree = "<group>";
		};
/* End PBXVariantGroup section */

/* Begin XCBuildConfiguration section */
		DBB330792445A5EB009CBF90 /* Debug */ = {
			isa = XCBuildConfiguration;
			buildSettings = {
				ALWAYS_SEARCH_USER_PATHS = NO;
				CLANG_ANALYZER_NONNULL = YES;
				CLANG_ANALYZER_NUMBER_OBJECT_CONVERSION = YES_AGGRESSIVE;
				CLANG_CXX_LANGUAGE_STANDARD = "gnu++14";
				CLANG_CXX_LIBRARY = "libc++";
				CLANG_ENABLE_MODULES = YES;
				CLANG_ENABLE_OBJC_ARC = YES;
				CLANG_ENABLE_OBJC_WEAK = YES;
				CLANG_WARN_BLOCK_CAPTURE_AUTORELEASING = YES;
				CLANG_WARN_BOOL_CONVERSION = YES;
				CLANG_WARN_COMMA = YES;
				CLANG_WARN_CONSTANT_CONVERSION = YES;
				CLANG_WARN_DEPRECATED_OBJC_IMPLEMENTATIONS = YES;
				CLANG_WARN_DIRECT_OBJC_ISA_USAGE = YES_ERROR;
				CLANG_WARN_DOCUMENTATION_COMMENTS = YES;
				CLANG_WARN_EMPTY_BODY = YES;
				CLANG_WARN_ENUM_CONVERSION = YES;
				CLANG_WARN_INFINITE_RECURSION = YES;
				CLANG_WARN_INT_CONVERSION = YES;
				CLANG_WARN_NON_LITERAL_NULL_CONVERSION = YES;
				CLANG_WARN_OBJC_IMPLICIT_RETAIN_SELF = YES;
				CLANG_WARN_OBJC_LITERAL_CONVERSION = YES;
				CLANG_WARN_OBJC_ROOT_CLASS = YES_ERROR;
				CLANG_WARN_RANGE_LOOP_ANALYSIS = YES;
				CLANG_WARN_STRICT_PROTOTYPES = YES;
				CLANG_WARN_SUSPICIOUS_MOVE = YES;
				CLANG_WARN_UNGUARDED_AVAILABILITY = YES_AGGRESSIVE;
				CLANG_WARN_UNREACHABLE_CODE = YES;
				CLANG_WARN__DUPLICATE_METHOD_MATCH = YES;
				COPY_PHASE_STRIP = NO;
				DEBUG_INFORMATION_FORMAT = dwarf;
				ENABLE_STRICT_OBJC_MSGSEND = YES;
				ENABLE_TESTABILITY = YES;
				GCC_C_LANGUAGE_STANDARD = gnu11;
				GCC_DYNAMIC_NO_PIC = NO;
				GCC_NO_COMMON_BLOCKS = YES;
				GCC_OPTIMIZATION_LEVEL = 0;
				GCC_PREPROCESSOR_DEFINITIONS = (
					"DEBUG=1",
					"$(inherited)",
				);
				GCC_WARN_64_TO_32_BIT_CONVERSION = YES;
				GCC_WARN_ABOUT_RETURN_TYPE = YES_ERROR;
				GCC_WARN_UNDECLARED_SELECTOR = YES;
				GCC_WARN_UNINITIALIZED_AUTOS = YES_AGGRESSIVE;
				GCC_WARN_UNUSED_FUNCTION = YES;
				GCC_WARN_UNUSED_VARIABLE = YES;
				IPHONEOS_DEPLOYMENT_TARGET = 13.4;
				MTL_ENABLE_DEBUG_INFO = INCLUDE_SOURCE;
				MTL_FAST_MATH = YES;
				ONLY_ACTIVE_ARCH = YES;
				SDKROOT = iphoneos;
				SWIFT_ACTIVE_COMPILATION_CONDITIONS = DEBUG;
				SWIFT_OPTIMIZATION_LEVEL = "-Onone";
			};
			name = Debug;
		};
		DBB3307A2445A5EB009CBF90 /* Release */ = {
			isa = XCBuildConfiguration;
			buildSettings = {
				ALWAYS_SEARCH_USER_PATHS = NO;
				CLANG_ANALYZER_NONNULL = YES;
				CLANG_ANALYZER_NUMBER_OBJECT_CONVERSION = YES_AGGRESSIVE;
				CLANG_CXX_LANGUAGE_STANDARD = "gnu++14";
				CLANG_CXX_LIBRARY = "libc++";
				CLANG_ENABLE_MODULES = YES;
				CLANG_ENABLE_OBJC_ARC = YES;
				CLANG_ENABLE_OBJC_WEAK = YES;
				CLANG_WARN_BLOCK_CAPTURE_AUTORELEASING = YES;
				CLANG_WARN_BOOL_CONVERSION = YES;
				CLANG_WARN_COMMA = YES;
				CLANG_WARN_CONSTANT_CONVERSION = YES;
				CLANG_WARN_DEPRECATED_OBJC_IMPLEMENTATIONS = YES;
				CLANG_WARN_DIRECT_OBJC_ISA_USAGE = YES_ERROR;
				CLANG_WARN_DOCUMENTATION_COMMENTS = YES;
				CLANG_WARN_EMPTY_BODY = YES;
				CLANG_WARN_ENUM_CONVERSION = YES;
				CLANG_WARN_INFINITE_RECURSION = YES;
				CLANG_WARN_INT_CONVERSION = YES;
				CLANG_WARN_NON_LITERAL_NULL_CONVERSION = YES;
				CLANG_WARN_OBJC_IMPLICIT_RETAIN_SELF = YES;
				CLANG_WARN_OBJC_LITERAL_CONVERSION = YES;
				CLANG_WARN_OBJC_ROOT_CLASS = YES_ERROR;
				CLANG_WARN_RANGE_LOOP_ANALYSIS = YES;
				CLANG_WARN_STRICT_PROTOTYPES = YES;
				CLANG_WARN_SUSPICIOUS_MOVE = YES;
				CLANG_WARN_UNGUARDED_AVAILABILITY = YES_AGGRESSIVE;
				CLANG_WARN_UNREACHABLE_CODE = YES;
				CLANG_WARN__DUPLICATE_METHOD_MATCH = YES;
				COPY_PHASE_STRIP = NO;
				DEBUG_INFORMATION_FORMAT = "dwarf-with-dsym";
				ENABLE_NS_ASSERTIONS = NO;
				ENABLE_STRICT_OBJC_MSGSEND = YES;
				GCC_C_LANGUAGE_STANDARD = gnu11;
				GCC_NO_COMMON_BLOCKS = YES;
				GCC_WARN_64_TO_32_BIT_CONVERSION = YES;
				GCC_WARN_ABOUT_RETURN_TYPE = YES_ERROR;
				GCC_WARN_UNDECLARED_SELECTOR = YES;
				GCC_WARN_UNINITIALIZED_AUTOS = YES_AGGRESSIVE;
				GCC_WARN_UNUSED_FUNCTION = YES;
				GCC_WARN_UNUSED_VARIABLE = YES;
				IPHONEOS_DEPLOYMENT_TARGET = 13.4;
				MTL_ENABLE_DEBUG_INFO = NO;
				MTL_FAST_MATH = YES;
				SDKROOT = iphoneos;
				SWIFT_COMPILATION_MODE = wholemodule;
				SWIFT_OPTIMIZATION_LEVEL = "-O";
				VALIDATE_PRODUCT = YES;
			};
			name = Release;
		};
		DBB3307C2445A5EB009CBF90 /* Debug */ = {
			isa = XCBuildConfiguration;
			buildSettings = {
				ASSETCATALOG_COMPILER_APPICON_NAME = AppIcon;
				CODE_SIGN_STYLE = Automatic;
				DEVELOPMENT_TEAM = 3GGDA583PP;
				INFOPLIST_FILE = Day99Challenge/Info.plist;
				LD_RUNPATH_SEARCH_PATHS = (
					"$(inherited)",
					"@executable_path/Frameworks",
				);
				PRODUCT_BUNDLE_IDENTIFIER = com.vrsj.Day99Challenge;
				PRODUCT_NAME = "$(TARGET_NAME)";
				SWIFT_VERSION = 5.0;
				TARGETED_DEVICE_FAMILY = "1,2";
			};
			name = Debug;
		};
		DBB3307D2445A5EB009CBF90 /* Release */ = {
			isa = XCBuildConfiguration;
			buildSettings = {
				ASSETCATALOG_COMPILER_APPICON_NAME = AppIcon;
				CODE_SIGN_STYLE = Automatic;
				DEVELOPMENT_TEAM = 3GGDA583PP;
				INFOPLIST_FILE = Day99Challenge/Info.plist;
				LD_RUNPATH_SEARCH_PATHS = (
					"$(inherited)",
					"@executable_path/Frameworks",
				);
				PRODUCT_BUNDLE_IDENTIFIER = com.vrsj.Day99Challenge;
				PRODUCT_NAME = "$(TARGET_NAME)";
				SWIFT_VERSION = 5.0;
				TARGETED_DEVICE_FAMILY = "1,2";
			};
			name = Release;
		};
/* End XCBuildConfiguration section */

/* Begin XCConfigurationList section */
		DBB330622445A5E8009CBF90 /* Build configuration list for PBXProject "Day99Challenge" */ = {
			isa = XCConfigurationList;
			buildConfigurations = (
				DBB330792445A5EB009CBF90 /* Debug */,
				DBB3307A2445A5EB009CBF90 /* Release */,
			);
			defaultConfigurationIsVisible = 0;
			defaultConfigurationName = Release;
		};
		DBB3307B2445A5EB009CBF90 /* Build configuration list for PBXNativeTarget "Day99Challenge" */ = {
			isa = XCConfigurationList;
			buildConfigurations = (
				DBB3307C2445A5EB009CBF90 /* Debug */,
				DBB3307D2445A5EB009CBF90 /* Release */,
			);
			defaultConfigurationIsVisible = 0;
			defaultConfigurationName = Release;
		};
/* End XCConfigurationList section */
	};
	rootObject = DBB3305F2445A5E8009CBF90 /* Project object */;
}
